Microsoft Visual Studio Solution File, Format Version 12.00
# Visual Studio Version 17
VisualStudioVersion = 17.5.2.0
MinimumVisualStudioVersion = 10.0.40219.1
Project("{2150E333-8FDC-42A3-9474-1A3956D46DE8}") = "core", "core", "{FBF56CC3-7AE6-AD2D-3F14-7F97FD322CD6}"
EndProject
Project("{2150E333-8FDC-42A3-9474-1A3956D46DE8}") = "infrastructure", "infrastructure", "{619D0779-12AD-93E9-9F71-8F763DE1FC31}"
EndProject
Project("{FAE04EC0-301F-11D3-BF4B-00C04F79EFBC}") = "DaxExecutor", "core\infrastructure\dax_executor\DaxExecutor.csproj", "{40D9A1D6-BD8D-6C96-A466-3FD46E4A2CA4}"
EndProject
Global
	GlobalSection(SolutionConfigurationPlatforms) = preSolution
		Debug|Any CPU = Debug|Any CPU
		Release|Any CPU = Release|Any CPU
	EndGlobalSection
	GlobalSection(ProjectConfigurationPlatforms) = postSolution
		{40D9A1D6-BD8D-6C96-A466-3FD46E4A2CA4}.Debug|Any CPU.ActiveCfg = Debug|Any CPU
		{40D9A1D6-BD8D-6C96-A466-3FD46E4A2CA4}.Debug|Any CPU.Build.0 = Debug|Any CPU
		{40D9A1D6-BD8D-6C96-A466-3FD46E4A2CA4}.Release|Any CPU.ActiveCfg = Release|Any CPU
		{40D9A1D6-BD8D-6C96-A466-3FD46E4A2CA4}.Release|Any CPU.Build.0 = Release|Any CPU
	EndGlobalSection
	GlobalSection(SolutionProperties) = preSolution
		HideSolutionNode = FALSE
	EndGlobalSection
	GlobalSection(NestedProjects) = preSolution
		{619D0779-12AD-93E9-9F71-8F763DE1FC31} = {FBF56CC3-7AE6-AD2D-3F14-7F97FD322CD6}
		{40D9A1D6-BD8D-6C96-A466-3FD46E4A2CA4} = {619D0779-12AD-93E9-9F71-8F763DE1FC31}
	EndGlobalSection
	GlobalSection(ExtensibilityGlobals) = postSolution
		SolutionGuid = {DFAAA015-76BD-4148-96BA-87C8E38A1D81}
	EndGlobalSection
EndGlobal
